
Microsoft Visual Studio Solution File, Format Version 12.00
# Visual Studio 15
VisualStudioVersion = 15.0.27428.2043
MinimumVisualStudioVersion = 10.0.40219.1
Project("{FAE04EC0-301F-11D3-BF4B-00C04F79EFBC}") = "Registro Articulo", "Registro Articulo\Registro Articulo.csproj", "{F409AA6A-95E1-4558-885C-3128396DFAE0}"
EndProject
Project("{FAE04EC0-301F-11D3-BF4B-00C04F79EFBC}") = "Registro ArticuloTests", "Registro ArticuloTests\Registro ArticuloTests.csproj", "{BACCAD83-7265-40C9-AF73-78E56C8553FA}"
EndProject
Global
	GlobalSection(SolutionConfigurationPlatforms) = preSolution
		Debug|Any CPU = Debug|Any CPU
		Release|Any CPU = Release|Any CPU
	EndGlobalSection
	GlobalSection(ProjectConfigurationPlatforms) = postSolution
		{F409AA6A-95E1-4558-885C-3128396DFAE0}.Debug|Any CPU.ActiveCfg = Debug|Any CPU
		{F409AA6A-95E1-4558-885C-3128396DFAE0}.Debug|Any CPU.Build.0 = Debug|Any CPU
		{F409AA6A-95E1-4558-885C-3128396DFAE0}.Release|Any CPU.ActiveCfg = Release|Any CPU
		{F409AA6A-95E1-4558-885C-3128396DFAE0}.Release|Any CPU.Build.0 = Release|Any CPU
		{BACCAD83-7265-40C9-AF73-78E56C8553FA}.Debug|Any CPU.ActiveCfg = Debug|Any CPU
		{BACCAD83-7265-40C9-AF73-78E56C8553FA}.Debug|Any CPU.Build.0 = Debug|Any CPU
		{BACCAD83-7265-40C9-AF73-78E56C8553FA}.Release|Any CPU.ActiveCfg = Release|Any CPU
		{BACCAD83-7265-40C9-AF73-78E56C8553FA}.Release|Any CPU.Build.0 = Release|Any CPU
	EndGlobalSection
	GlobalSection(SolutionProperties) = preSolution
		HideSolutionNode = FALSE
	EndGlobalSection
	GlobalSection(ExtensibilityGlobals) = postSolution
		SolutionGuid = {63C3BAF1-7FF1-4BAE-A7DD-9CA1905C13FC}
	EndGlobalSection
EndGlobal
